
Microsoft Visual Studio Solution File, Format Version 12.00
# Visual Studio Version 16
VisualStudioVersion = 16.0.30413.136
MinimumVisualStudioVersion = 10.0.40219.1
Project("{FAE04EC0-301F-11D3-BF4B-00C04F79EFBC}") = "AppCompHAS.Android", "AppCompHAS\AppCompHAS.Android\AppCompHAS.Android.csproj", "{49E35E31-CFA5-4220-AB6C-A6012C217F49}"
EndProject
Project("{FAE04EC0-301F-11D3-BF4B-00C04F79EFBC}") = "AppCompHAS.iOS", "AppCompHAS\AppCompHAS.iOS\AppCompHAS.iOS.csproj", "{A88C624D-FB33-4E94-BFD5-BA20FFDFBA18}"
EndProject
Project("{FAE04EC0-301F-11D3-BF4B-00C04F79EFBC}") = "AppCompHAS", "AppCompHAS\AppCompHAS\AppCompHAS.csproj", "{5DA6BA8E-71E7-4863-B9B3-4A58F10EB4CB}"
EndProject
Global
	GlobalSection(SolutionConfigurationPlatforms) = preSolution
		Debug|Any CPU = Debug|Any CPU
		Debug|iPhone = Debug|iPhone
		Debug|iPhoneSimulator = Debug|iPhoneSimulator
		Release|Any CPU = Release|Any CPU
		Release|iPhone = Release|iPhone
		Release|iPhoneSimulator = Release|iPhoneSimulator
	EndGlobalSection
	GlobalSection(ProjectConfigurationPlatforms) = postSolution
		{49E35E31-CFA5-4220-AB6C-A6012C217F49}.Debug|Any CPU.ActiveCfg = Debug|Any CPU
		{49E35E31-CFA5-4220-AB6C-A6012C217F49}.Debug|Any CPU.Build.0 = Debug|Any CPU
		{49E35E31-CFA5-4220-AB6C-A6012C217F49}.Debug|Any CPU.Deploy.0 = Debug|Any CPU
		{49E35E31-CFA5-4220-AB6C-A6012C217F49}.Debug|iPhone.ActiveCfg = Debug|Any CPU
		{49E35E31-CFA5-4220-AB6C-A6012C217F49}.Debug|iPhone.Build.0 = Debug|Any CPU
		{49E35E31-CFA5-4220-AB6C-A6012C217F49}.Debug|iPhone.Deploy.0 = Debug|Any CPU
		{49E35E31-CFA5-4220-AB6C-A6012C217F49}.Debug|iPhoneSimulator.ActiveCfg = Debug|Any CPU
		{49E35E31-CFA5-4220-AB6C-A6012C217F49}.Debug|iPhoneSimulator.Build.0 = Debug|Any CPU
		{49E35E31-CFA5-4220-AB6C-A6012C217F49}.Debug|iPhoneSimulator.Deploy.0 = Debug|Any CPU
		{49E35E31-CFA5-4220-AB6C-A6012C217F49}.Release|Any CPU.ActiveCfg = Release|Any CPU
		{49E35E31-CFA5-4220-AB6C-A6012C217F49}.Release|Any CPU.Build.0 = Release|Any CPU
		{49E35E31-CFA5-4220-AB6C-A6012C217F49}.Release|Any CPU.Deploy.0 = Release|Any CPU
		{49E35E31-CFA5-4220-AB6C-A6012C217F49}.Release|iPhone.ActiveCfg = Release|Any CPU
		{49E35E31-CFA5-4220-AB6C-A6012C217F49}.Release|iPhone.Build.0 = Release|Any CPU
		{49E35E31-CFA5-4220-AB6C-A6012C217F49}.Release|iPhone.Deploy.0 = Release|Any CPU
		{49E35E31-CFA5-4220-AB6C-A6012C217F49}.Release|iPhoneSimulator.ActiveCfg = Release|Any CPU
		{49E35E31-CFA5-4220-AB6C-A6012C217F49}.Release|iPhoneSimulator.Build.0 = Release|Any CPU
		{49E35E31-CFA5-4220-AB6C-A6012C217F49}.Release|iPhoneSimulator.Deploy.0 = Release|Any CPU
		{A88C624D-FB33-4E94-BFD5-BA20FFDFBA18}.Debug|Any CPU.ActiveCfg = Debug|iPhone
		{A88C624D-FB33-4E94-BFD5-BA20FFDFBA18}.Debug|Any CPU.Build.0 = Debug|iPhone
		{A88C624D-FB33-4E94-BFD5-BA20FFDFBA18}.Debug|Any CPU.Deploy.0 = Debug|iPhone
		{A88C624D-FB33-4E94-BFD5-BA20FFDFBA18}.Debug|iPhone.ActiveCfg = Debug|iPhone
		{A88C624D-FB33-4E94-BFD5-BA20FFDFBA18}.Debug|iPhone.Build.0 = Debug|iPhone
		{A88C624D-FB33-4E94-BFD5-BA20FFDFBA18}.Debug|iPhone.Deploy.0 = Debug|iPhone
		{A88C624D-FB33-4E94-BFD5-BA20FFDFBA18}.Debug|iPhoneSimulator.ActiveCfg = Debug|iPhoneSimulator
		{A88C624D-FB33-4E94-BFD5-BA20FFDFBA18}.Debug|iPhoneSimulator.Build.0 = Debug|iPhoneSimulator
		{A88C624D-FB33-4E94-BFD5-BA20FFDFBA18}.Debug|iPhoneSimulator.Deploy.0 = Debug|iPhoneSimulator
		{A88C624D-FB33-4E94-BFD5-BA20FFDFBA18}.Release|Any CPU.ActiveCfg = Release|iPhone
		{A88C624D-FB33-4E94-BFD5-BA20FFDFBA18}.Release|Any CPU.Build.0 = Release|iPhone
		{A88C624D-FB33-4E94-BFD5-BA20FFDFBA18}.Release|Any CPU.Deploy.0 = Release|iPhone
		{A88C624D-FB33-4E94-BFD5-BA20FFDFBA18}.Release|iPhone.ActiveCfg = Release|iPhone
		{A88C624D-FB33-4E94-BFD5-BA20FFDFBA18}.Release|iPhone.Build.0 = Release|iPhone
		{A88C624D-FB33-4E94-BFD5-BA20FFDFBA18}.Release|iPhone.Deploy.0 = Release|iPhone
		{A88C624D-FB33-4E94-BFD5-BA20FFDFBA18}.Release|iPhoneSimulator.ActiveCfg = Release|iPhoneSimulator
		{A88C624D-FB33-4E94-BFD5-BA20FFDFBA18}.Release|iPhoneSimulator.Build.0 = Release|iPhoneSimulator
		{A88C624D-FB33-4E94-BFD5-BA20FFDFBA18}.Release|iPhoneSimulator.Deploy.0 = Release|iPhoneSimulator
		{5DA6BA8E-71E7-4863-B9B3-4A58F10EB4CB}.Debug|Any CPU.ActiveCfg = Debug|Any CPU
		{5DA6BA8E-71E7-4863-B9B3-4A58F10EB4CB}.Debug|Any CPU.Build.0 = Debug|Any CPU
		{5DA6BA8E-71E7-4863-B9B3-4A58F10EB4CB}.Debug|Any CPU.Deploy.0 = Debug|Any CPU
		{5DA6BA8E-71E7-4863-B9B3-4A58F10EB4CB}.Debug|iPhone.ActiveCfg = Debug|Any CPU
		{5DA6BA8E-71E7-4863-B9B3-4A58F10EB4CB}.Debug|iPhone.Build.0 = Debug|Any CPU
		{5DA6BA8E-71E7-4863-B9B3-4A58F10EB4CB}.Debug|iPhone.Deploy.0 = Debug|Any CPU
		{5DA6BA8E-71E7-4863-B9B3-4A58F10EB4CB}.Debug|iPhoneSimulator.ActiveCfg = Debug|Any CPU
		{5DA6BA8E-71E7-4863-B9B3-4A58F10EB4CB}.Debug|iPhoneSimulator.Build.0 = Debug|Any CPU
		{5DA6BA8E-71E7-4863-B9B3-4A58F10EB4CB}.Debug|iPhoneSimulator.Deploy.0 = Debug|Any CPU
		{5DA6BA8E-71E7-4863-B9B3-4A58F10EB4CB}.Release|Any CPU.ActiveCfg = Release|Any CPU
		{5DA6BA8E-71E7-4863-B9B3-4A58F10EB4CB}.Release|Any CPU.Build.0 = Release|Any CPU
		{5DA6BA8E-71E7-4863-B9B3-4A58F10EB4CB}.Release|Any CPU.Deploy.0 = Release|Any CPU
		{5DA6BA8E-71E7-4863-B9B3-4A58F10EB4CB}.Release|iPhone.ActiveCfg = Release|Any CPU
		{5DA6BA8E-71E7-4863-B9B3-4A58F10EB4CB}.Release|iPhone.Build.0 = Release|Any CPU
		{5DA6BA8E-71E7-4863-B9B3-4A58F10EB4CB}.Release|iPhone.Deploy.0 = Release|Any CPU
		{5DA6BA8E-71E7-4863-B9B3-4A58F10EB4CB}.Release|iPhoneSimulator.ActiveCfg = Release|Any CPU
		{5DA6BA8E-71E7-4863-B9B3-4A58F10EB4CB}.Release|iPhoneSimulator.Build.0 = Release|Any CPU
		{5DA6BA8E-71E7-4863-B9B3-4A58F10EB4CB}.Release|iPhoneSimulator.Deploy.0 = Release|Any CPU
	EndGlobalSection
	GlobalSection(SolutionProperties) = preSolution
		HideSolutionNode = FALSE
	EndGlobalSection
	GlobalSection(ExtensibilityGlobals) = postSolution
		SolutionGuid = {031403C4-CF64-42EA-B402-5AB131B97DCA}
	EndGlobalSection
EndGlobal
